<?xml version="1.0" encoding="utf-8"?>
<Project ToolsVersion="4.0" xmlns="http://schemas.microsoft.com/developer/msbuild/2003">
  <ItemGroup>
    <Filter Include="源文件">
      <UniqueIdentifier>{4FC737F1-C7A5-4376-A066-2A32D752A2FF}</UniqueIdentifier>
      <Extensions>cpp;c;cc;cxx;c++;cppm;ixx;def;odl;idl;hpj;bat;asm;asmx</Extensions>
    </Filter>
    <Filter Include="头文件">
      <UniqueIdentifier>{93995380-89BD-4b04-88EB-625FBE52EBFB}</UniqueIdentifier>
      <Extensions>h;hh;hpp;hxx;h++;hm;inl;inc;ipp;xsd</Extensions>
    </Filter>
    <Filter Include="资源文件">
      <UniqueIdentifier>{67DA6AB6-F800-4c08-8B7A-83BB121AAD01}</UniqueIdentifier>
      <Extensions>rc;ico;cur;bmp;dlg;rc2;rct;bin;rgs;gif;jpg;jpeg;jpe;resx;tiff;tif;png;wav;mfcribbon-ms</Extensions>
    </Filter>
    <Filter Include="源文件\geometry">
      <UniqueIdentifier>{0465697c-b875-48e2-b644-168ebbd11998}</UniqueIdentifier>
    </Filter>
    <Filter Include="头文件\geometry">
      <UniqueIdentifier>{0ad1c304-28d2-48be-bd35-4704f789db08}</UniqueIdentifier>
    </Filter>
    <Filter Include="源文件\app">
      <UniqueIdentifier>{a461609d-3a09-452d-8dcb-e756e4634020}</UniqueIdentifier>
    </Filter>
    <Filter Include="头文件\detail">
      <UniqueIdentifier>{9c08af46-99be-4032-a583-ad8a5ddfa2d1}</UniqueIdentifier>
    </Filter>
    <Filter Include="头文件\utils">
      <UniqueIdentifier>{f057a7a5-1010-4fa3-a9e3-d521a04ffe6a}</UniqueIdentifier>
    </Filter>
    <Filter Include="头文件\core">
      <UniqueIdentifier>{a0b3b04d-9694-4d75-aca9-2f665753965d}</UniqueIdentifier>
    </Filter>
    <Filter Include="源文件\core">
      <UniqueIdentifier>{9d08fc45-15dc-482e-958c-fc6e0cb4c987}</UniqueIdentifier>
    </Filter>
    <Filter Include="头文件\core\test">
      <UniqueIdentifier>{f634ef1f-f0fb-46d5-8609-2307f73b8f37}</UniqueIdentifier>
    </Filter>
  </ItemGroup>
  <ItemGroup>
    <ClCompile Include="src\app\main.cpp">
      <Filter>源文件\app</Filter>
    </ClCompile>
    <ClCompile Include="src\geometry\BaseMesh.cpp">
      <Filter>源文件\geometry</Filter>
    </ClCompile>
    <ClCompile Include="src\core\MSCuttingModel.cpp">
      <Filter>源文件\core</Filter>
    </ClCompile>
  </ItemGroup>
  <ItemGroup>
    <ClInclude Include="src\geometry\BaseMesh.hpp">
      <Filter>头文件\geometry</Filter>
    </ClInclude>
    <ClInclude Include="src\geometry\Geometry.hpp">
      <Filter>头文件\geometry</Filter>
    </ClInclude>
    <ClInclude Include="src\geometry\PolyMesh.hpp">
      <Filter>头文件\geometry</Filter>
    </ClInclude>
    <ClInclude Include="src\detail\BasicDataType.hpp">
      <Filter>头文件\detail</Filter>
    </ClInclude>
    <ClInclude Include="src\Config.hpp">
      <Filter>头文件</Filter>
    </ClInclude>
    <ClInclude Include="src\detail\Handler.hpp">
      <Filter>头文件\detail</Filter>
    </ClInclude>
    <ClInclude Include="src\detail\Math.hpp">
      <Filter>头文件\detail</Filter>
    </ClInclude>
    <ClInclude Include="src\utils\CMDParser.hpp">
      <Filter>头文件\utils</Filter>
    </ClInclude>
    <ClInclude Include="src\utils\Common.hpp">
      <Filter>头文件\utils</Filter>
    </ClInclude>
    <ClInclude Include="src\utils\String.hpp">
      <Filter>头文件\utils</Filter>
    </ClInclude>
    <ClInclude Include="src\utils\Timer.hpp">
      <Filter>头文件\utils</Filter>
    </ClInclude>
    <ClInclude Include="src\core\MSCuttingModel.hpp">
      <Filter>头文件\core</Filter>
    </ClInclude>
    <ClInclude Include="src\core\ApolloniusGraphAdaptor.hpp">
      <Filter>头文件\core</Filter>
    </ClInclude>
    <ClInclude Include="src\core\test\LocalGlobalTest.hpp">
      <Filter>头文件\core\test</Filter>
    </ClInclude>
    <ClInclude Include="src\core\test\PointSamplingTest.hpp">
      <Filter>头文件\core\test</Filter>
    </ClInclude>
    <ClInclude Include="src\core\test\CoreTest.hpp">
      <Filter>头文件\core\test</Filter>
    </ClInclude>
    <ClInclude Include="src\core\test\ADComputingTest.hpp">
      <Filter>头文件\core\test</Filter>
    </ClInclude>
  </ItemGroup>
  <ItemGroup>
    <None Include="src\utils\CMDParser.inl">
      <Filter>头文件\utils</Filter>
    </None>
    <None Include="src\geometry\PolyMesh.inl">
      <Filter>头文件\geometry</Filter>
    </None>
  </ItemGroup>
</Project>